
Microsoft Visual Studio Solution File, Format Version 12.00
# Visual Studio Version 16
VisualStudioVersion = 16.0.30517.126
MinimumVisualStudioVersion = 10.0.40219.1
Project("{9A19103F-16F7-4668-BE54-9A1E7A4F7556}") = "Oef8_Oef9", "Oef8\Oef8_Oef9.csproj", "{743988EE-F8D2-4401-A0FB-F0018272A6CC}"
EndProject
Project("{2150E333-8FDC-42A3-9474-1A3956D46DE8}") = "Overerven en Overriden", "Overerven en Overriden", "{26C05239-BF7E-4855-9E21-A36B29EF3029}"
EndProject
Project("{9A19103F-16F7-4668-BE54-9A1E7A4F7556}") = "Oef10", "Oef10\Oef10.csproj", "{9075948D-81BC-4AFE-824A-CCD70E24E276}"
EndProject
Project("{9A19103F-16F7-4668-BE54-9A1E7A4F7556}") = "Oef11", "Oef11\Oef11.csproj", "{4EC58212-B611-4706-9DD8-C08DF74BF86F}"
EndProject
Project("{9A19103F-16F7-4668-BE54-9A1E7A4F7556}") = "Oef12", "Oef12\Oef12.csproj", "{43C01049-9508-4959-92AE-2F15DAB62776}"
EndProject
Project("{9A19103F-16F7-4668-BE54-9A1E7A4F7556}") = "Oef13", "Oef13\Oef13.csproj", "{43F5DA9D-D746-4F7D-A354-CB5DB7ADB850}"
EndProject
Project("{9A19103F-16F7-4668-BE54-9A1E7A4F7556}") = "Oef14", "Oef14\Oef14.csproj", "{422CA406-4E01-4ECA-8CDE-2DEFF5AD6EA8}"
EndProject
Project("{9A19103F-16F7-4668-BE54-9A1E7A4F7556}") = "Oef15", "Oef15\Oef15.csproj", "{E7AB5CED-6A39-4B85-B650-61E1F20E8FC4}"
EndProject
Project("{2150E333-8FDC-42A3-9474-1A3956D46DE8}") = "Static", "Static", "{A18D18E9-4756-4D59-B568-E952666873E8}"
EndProject
Project("{9A19103F-16F7-4668-BE54-9A1E7A4F7556}") = "Oef1", "Oef1\Oef1.csproj", "{64115BE8-5B84-4572-BE71-F51A8655768E}"
EndProject
Project("{9A19103F-16F7-4668-BE54-9A1E7A4F7556}") = "Oef2", "Oef2\Oef2.csproj", "{3924F1C9-4CD5-48D4-8DF0-4A46D07D668D}"
EndProject
Project("{9A19103F-16F7-4668-BE54-9A1E7A4F7556}") = "Oef3", "Oef3\Oef3.csproj", "{D063FAB9-376C-46A8-9278-A0EBE7EA254E}"
EndProject
Project("{9A19103F-16F7-4668-BE54-9A1E7A4F7556}") = "Oef4", "Oef4\Oef4.csproj", "{CEA248D2-4BE5-4C16-8481-EF9D573922D9}"
EndProject
Project("{2150E333-8FDC-42A3-9474-1A3956D46DE8}") = "DLL", "DLL", "{B3D504F9-D2A8-41E7-82F7-F02D637DF314}"
EndProject
Project("{FAE04EC0-301F-11D3-BF4B-00C04F79EFBC}") = "CirkelDLL", "CirkelDLL\CirkelDLL.csproj", "{AD7E3576-408E-412B-976D-0764ABE3FC3C}"
EndProject
Project("{9A19103F-16F7-4668-BE54-9A1E7A4F7556}") = "OefDLL1", "OefDLL1\OefDLL1.csproj", "{CF58AE77-5FB3-46E9-9179-EE8E2C75ED90}"
EndProject
Project("{2150E333-8FDC-42A3-9474-1A3956D46DE8}") = "Console", "Console", "{1EF5EC1C-54C9-49F9-BAB8-101F067BFE27}"
EndProject
Project("{9A19103F-16F7-4668-BE54-9A1E7A4F7556}") = "ConsoleRecursion", "ConsoleRecursion\ConsoleRecursion.csproj", "{DC514D8E-9A10-4DF0-80B1-782BA9E4FB0E}"
EndProject
Project("{9A19103F-16F7-4668-BE54-9A1E7A4F7556}") = "RijVanFibonacci", "RijVanFibonacci\RijVanFibonacci.csproj", "{A8741C45-5801-4EF8-9EA6-2C310D31B2F1}"
EndProject
Project("{9A19103F-16F7-4668-BE54-9A1E7A4F7556}") = "StringReplace", "StringReplace\StringReplace.csproj", "{E93B23CE-F5FC-4E44-A51D-FC780CBF4938}"
EndProject
Project("{2150E333-8FDC-42A3-9474-1A3956D46DE8}") = "Threading", "Threading", "{8BC560C6-A92D-4628-BA83-5F603FF60529}"
EndProject
Project("{FAE04EC0-301F-11D3-BF4B-00C04F79EFBC}") = "threadingOef", "threadingOef\threadingOef.csproj", "{841C6E73-93D8-476C-8383-6BBB89971C0C}"
EndProject
Project("{FAE04EC0-301F-11D3-BF4B-00C04F79EFBC}") = "StopwatchThreading", "StopwatchThreading\StopwatchThreading.csproj", "{353F522F-9D19-42AF-B8D0-7AB2CB7E402A}"
EndProject
Project("{FAE04EC0-301F-11D3-BF4B-00C04F79EFBC}") = "ThreadLambdaExpression", "ThreadLambdaExpression\ThreadLambdaExpression.csproj", "{9D670448-78BB-4026-AC34-AB7F680A398C}"
EndProject
Project("{2150E333-8FDC-42A3-9474-1A3956D46DE8}") = "Recursion", "Recursion", "{E02D5D87-AA57-4574-9D69-56EDB7B8B28F}"
EndProject
Project("{9A19103F-16F7-4668-BE54-9A1E7A4F7556}") = "Machtsverheffing", "Machtsverheffing\Machtsverheffing.csproj", "{D6F4DB95-1D20-406B-9669-B38E3C595595}"
EndProject
Project("{9A19103F-16F7-4668-BE54-9A1E7A4F7556}") = "StringOmkeren", "StringOmkeren\StringOmkeren.csproj", "{51C13DC6-094F-4A12-AD06-9E220D2AD951}"
EndProject
Project("{9A19103F-16F7-4668-BE54-9A1E7A4F7556}") = "PalindroomCheck", "PalindroomCheck\PalindroomCheck.csproj", "{E73CCDB0-5191-4511-98D3-E5FE5DFC21C6}"
EndProject
Project("{9A19103F-16F7-4668-BE54-9A1E7A4F7556}") = "FibonacciRecursief", "FibonacciRecursief\FibonacciRecursief.csproj", "{2F6D1C43-12AC-47C1-B747-9F1EF00E7046}"
EndProject
Project("{9A19103F-16F7-4668-BE54-9A1E7A4F7556}") = "NumberOfWaysToGetUpStairs", "NumerOfWaysToGetUpStairs\NumberOfWaysToGetUpStairs.csproj", "{8A2157B3-1873-4F34-B074-116C42F71CA2}"
EndProject
Project("{2150E333-8FDC-42A3-9474-1A3956D46DE8}") = "Interfaces", "Interfaces", "{07C0DBAC-1108-4A22-85DB-11B3F0A64E41}"
EndProject
Project("{9A19103F-16F7-4668-BE54-9A1E7A4F7556}") = "AnimalTalkInterface", "AnimalTalkInterface\AnimalTalkInterface.csproj", "{1A504D5F-87DA-4FC5-990F-1B86E93C3564}"
EndProject
Project("{9A19103F-16F7-4668-BE54-9A1E7A4F7556}") = "ShapeInterfaces", "ShapeInterfaces\ShapeInterfaces.csproj", "{B5F55A6F-952E-412B-B3B9-C2376121EBF7}"
EndProject
Project("{2150E333-8FDC-42A3-9474-1A3956D46DE8}") = "DesignPatterns", "DesignPatterns", "{D0C4540A-CE04-47E4-ADD0-42D203E0FF20}"
EndProject
Project("{9A19103F-16F7-4668-BE54-9A1E7A4F7556}") = "SingletonConsoleManager", "SingletonConsoleManager\SingletonConsoleManager.csproj", "{7E827B08-B9FA-4AD9-864E-B77DF678CE34}"
EndProject
Project("{2150E333-8FDC-42A3-9474-1A3956D46DE8}") = "Debugging", "Debugging", "{800FD9A2-0F53-4D83-9064-E6BD67C34043}"
EndProject
Project("{FAE04EC0-301F-11D3-BF4B-00C04F79EFBC}") = "Debugging3", "..\Debugging\Debugging\Debugging3.csproj", "{E0D6BCF7-4283-45A4-84DF-F8E8DF3B683E}"
EndProject
Project("{FAE04EC0-301F-11D3-BF4B-00C04F79EFBC}") = "Debugging1", "..\Debugging\Debugging1\Debugging1.csproj", "{701FA450-70B6-44D5-BF0F-BB885BF1D136}"
EndProject
Project("{FAE04EC0-301F-11D3-BF4B-00C04F79EFBC}") = "Debugging2", "..\Debugging\Debugging2\Debugging2.csproj", "{19AB5CF6-3C0D-4C08-93D0-A3E57B76F20E}"
EndProject
Project("{FAE04EC0-301F-11D3-BF4B-00C04F79EFBC}") = "Debugging4", "..\Debugging\Debugging4\Debugging4.csproj", "{CA8B5645-5A65-419B-9402-8014A1C62FF5}"
EndProject
Project("{FAE04EC0-301F-11D3-BF4B-00C04F79EFBC}") = "Debugging5", "..\Debugging\Debugging5\Debugging5.csproj", "{47147432-7284-442D-A9A8-9D8E11AA5508}"
EndProject
Project("{FAE04EC0-301F-11D3-BF4B-00C04F79EFBC}") = "Debugging6", "..\Debugging\Debugging6\Debugging6.csproj", "{D1EB9708-167B-4EF9-8768-CF8B0196B5FE}"
EndProject
Project("{FAE04EC0-301F-11D3-BF4B-00C04F79EFBC}") = "Debugging7", "..\Debugging\Debugging7\Debugging7.csproj", "{CDE557B4-ED20-4BF1-B0F6-50EC858A4431}"
EndProject
Project("{FAE04EC0-301F-11D3-BF4B-00C04F79EFBC}") = "Debugging8", "..\Debugging\Debugging8\Debugging8.csproj", "{CA1B9E99-2A25-4872-8C0F-0E998B5816DF}"
EndProject
Project("{2150E333-8FDC-42A3-9474-1A3956D46DE8}") = "Structs + Arrays + Datatypes + enums", "Structs + Arrays + Datatypes + enums", "{9E979D2F-ED4E-499E-9F56-347DA701B6E7}"
EndProject
Project("{FAE04EC0-301F-11D3-BF4B-00C04F79EFBC}") = "StructVector", "StructVector\StructVector.csproj", "{8A2A7910-437B-4A97-9D75-0FBFC12D7991}"
EndProject
Project("{FAE04EC0-301F-11D3-BF4B-00C04F79EFBC}") = "StructHighscore", "StructHighscore\StructHighscore.csproj", "{11A16F60-4D1C-40DF-8DEA-87C57DC568D3}"
EndProject
Project("{FAE04EC0-301F-11D3-BF4B-00C04F79EFBC}") = "ArraySignedByte", "ArraySignedByte\ArraySignedByte.csproj", "{2BFA42CA-ED00-4621-9C84-1C814AA95C24}"
EndProject
Project("{FAE04EC0-301F-11D3-BF4B-00C04F79EFBC}") = "IntInShort", "IntInShort\IntInShort.csproj", "{DB350A82-66B2-4403-AAFE-1B7D76D45B59}"
EndProject
Project("{FAE04EC0-301F-11D3-BF4B-00C04F79EFBC}") = "2DArrayGamewereld", "2DArrayGamewereld\2DArrayGamewereld.csproj", "{533AC6C7-17A5-4B81-93DD-8C5B52C5710A}"
EndProject
Project("{2150E333-8FDC-42A3-9474-1A3956D46DE8}") = "VoorbeeldExamens", "VoorbeeldExamens", "{0D4F6A6A-29D8-4606-B1FD-CFC5862524DA}"
EndProject
Project("{FAE04EC0-301F-11D3-BF4B-00C04F79EFBC}") = "Ex_AP_1920", "Ex_AP_1920\Ex_AP_1920.csproj", "{D834935D-829F-4132-8CC3-C663DC20C403}"
EndProject
Project("{FAE04EC0-301F-11D3-BF4B-00C04F79EFBC}") = "Ex_AP_1920dll", "Ex_AP_1920dll\Ex_AP_1920dll.csproj", "{B2974895-67B5-4DB6-8A31-C676EB3553B5}"
EndProject
Project("{2150E333-8FDC-42A3-9474-1A3956D46DE8}") = "VoorbeeldExamenAP", "VoorbeeldExamenAP", "{2EE57738-54A1-4CE4-A837-2154A92E4704}"
EndProject
Project("{2150E333-8FDC-42A3-9474-1A3956D46DE8}") = "VoorbeeldExamen1", "VoorbeeldExamen1", "{182CCF51-0578-4D1F-9DB1-9781D07F9089}"
EndProject
Project("{FAE04EC0-301F-11D3-BF4B-00C04F79EFBC}") = "VoorbeeldExamen1", "VoorbeeldExamen1\VoorbeeldExamen1.csproj", "{D01EA6C7-C543-42A9-9475-F5ACFFE9E4E8}"
EndProject
Project("{FAE04EC0-301F-11D3-BF4B-00C04F79EFBC}") = "VoorbeeldExamen1DLL", "VoorbeeldExamen\VoorbeeldExamen1DLL.csproj", "{1D1123FA-6FDD-498A-841C-2E19D5BB8883}"
EndProject
Project("{2150E333-8FDC-42A3-9474-1A3956D46DE8}") = "VoorbeeldExamen2", "VoorbeeldExamen2", "{EE8ABC9F-0164-4509-8ADD-75D73F41EE33}"
EndProject
Project("{FAE04EC0-301F-11D3-BF4B-00C04F79EFBC}") = "VoorbeeldExamen2", "VoorbeeldExamen2\VoorbeeldExamen2.csproj", "{8EF98A81-7072-4923-A5C6-DDDD47391846}"
EndProject
Project("{FAE04EC0-301F-11D3-BF4B-00C04F79EFBC}") = "VoorbeeldExamen2DLL", "VoorbeeldExamen2DLL\VoorbeeldExamen2DLL.csproj", "{C98F0D78-5E7B-45A1-A7FB-8FE9DFF0ED70}"
EndProject
Global
	GlobalSection(SolutionConfigurationPlatforms) = preSolution
		Debug|Any CPU = Debug|Any CPU
		Release|Any CPU = Release|Any CPU
	EndGlobalSection
	GlobalSection(ProjectConfigurationPlatforms) = postSolution
		{743988EE-F8D2-4401-A0FB-F0018272A6CC}.Debug|Any CPU.ActiveCfg = Debug|Any CPU
		{743988EE-F8D2-4401-A0FB-F0018272A6CC}.Debug|Any CPU.Build.0 = Debug|Any CPU
		{743988EE-F8D2-4401-A0FB-F0018272A6CC}.Release|Any CPU.ActiveCfg = Release|Any CPU
		{743988EE-F8D2-4401-A0FB-F0018272A6CC}.Release|Any CPU.Build.0 = Release|Any CPU
		{9075948D-81BC-4AFE-824A-CCD70E24E276}.Debug|Any CPU.ActiveCfg = Debug|Any CPU
		{9075948D-81BC-4AFE-824A-CCD70E24E276}.Debug|Any CPU.Build.0 = Debug|Any CPU
		{9075948D-81BC-4AFE-824A-CCD70E24E276}.Release|Any CPU.ActiveCfg = Release|Any CPU
		{9075948D-81BC-4AFE-824A-CCD70E24E276}.Release|Any CPU.Build.0 = Release|Any CPU
		{4EC58212-B611-4706-9DD8-C08DF74BF86F}.Debug|Any CPU.ActiveCfg = Debug|Any CPU
		{4EC58212-B611-4706-9DD8-C08DF74BF86F}.Debug|Any CPU.Build.0 = Debug|Any CPU
		{4EC58212-B611-4706-9DD8-C08DF74BF86F}.Release|Any CPU.ActiveCfg = Release|Any CPU
		{4EC58212-B611-4706-9DD8-C08DF74BF86F}.Release|Any CPU.Build.0 = Release|Any CPU
		{43C01049-9508-4959-92AE-2F15DAB62776}.Debug|Any CPU.ActiveCfg = Debug|Any CPU
		{43C01049-9508-4959-92AE-2F15DAB62776}.Debug|Any CPU.Build.0 = Debug|Any CPU
		{43C01049-9508-4959-92AE-2F15DAB62776}.Release|Any CPU.ActiveCfg = Release|Any CPU
		{43C01049-9508-4959-92AE-2F15DAB62776}.Release|Any CPU.Build.0 = Release|Any CPU
		{43F5DA9D-D746-4F7D-A354-CB5DB7ADB850}.Debug|Any CPU.ActiveCfg = Debug|Any CPU
		{43F5DA9D-D746-4F7D-A354-CB5DB7ADB850}.Debug|Any CPU.Build.0 = Debug|Any CPU
		{43F5DA9D-D746-4F7D-A354-CB5DB7ADB850}.Release|Any CPU.ActiveCfg = Release|Any CPU
		{43F5DA9D-D746-4F7D-A354-CB5DB7ADB850}.Release|Any CPU.Build.0 = Release|Any CPU
		{422CA406-4E01-4ECA-8CDE-2DEFF5AD6EA8}.Debug|Any CPU.ActiveCfg = Debug|Any CPU
		{422CA406-4E01-4ECA-8CDE-2DEFF5AD6EA8}.Debug|Any CPU.Build.0 = Debug|Any CPU
		{422CA406-4E01-4ECA-8CDE-2DEFF5AD6EA8}.Release|Any CPU.ActiveCfg = Release|Any CPU
		{422CA406-4E01-4ECA-8CDE-2DEFF5AD6EA8}.Release|Any CPU.Build.0 = Release|Any CPU
		{E7AB5CED-6A39-4B85-B650-61E1F20E8FC4}.Debug|Any CPU.ActiveCfg = Debug|Any CPU
		{E7AB5CED-6A39-4B85-B650-61E1F20E8FC4}.Debug|Any CPU.Build.0 = Debug|Any CPU
		{E7AB5CED-6A39-4B85-B650-61E1F20E8FC4}.Release|Any CPU.ActiveCfg = Release|Any CPU
		{E7AB5CED-6A39-4B85-B650-61E1F20E8FC4}.Release|Any CPU.Build.0 = Release|Any CPU
		{64115BE8-5B84-4572-BE71-F51A8655768E}.Debug|Any CPU.ActiveCfg = Debug|Any CPU
		{64115BE8-5B84-4572-BE71-F51A8655768E}.Debug|Any CPU.Build.0 = Debug|Any CPU
		{64115BE8-5B84-4572-BE71-F51A8655768E}.Release|Any CPU.ActiveCfg = Release|Any CPU
		{64115BE8-5B84-4572-BE71-F51A8655768E}.Release|Any CPU.Build.0 = Release|Any CPU
		{3924F1C9-4CD5-48D4-8DF0-4A46D07D668D}.Debug|Any CPU.ActiveCfg = Debug|Any CPU
		{3924F1C9-4CD5-48D4-8DF0-4A46D07D668D}.Debug|Any CPU.Build.0 = Debug|Any CPU
		{3924F1C9-4CD5-48D4-8DF0-4A46D07D668D}.Release|Any CPU.ActiveCfg = Release|Any CPU
		{3924F1C9-4CD5-48D4-8DF0-4A46D07D668D}.Release|Any CPU.Build.0 = Release|Any CPU
		{D063FAB9-376C-46A8-9278-A0EBE7EA254E}.Debug|Any CPU.ActiveCfg = Debug|Any CPU
		{D063FAB9-376C-46A8-9278-A0EBE7EA254E}.Debug|Any CPU.Build.0 = Debug|Any CPU
		{D063FAB9-376C-46A8-9278-A0EBE7EA254E}.Release|Any CPU.ActiveCfg = Release|Any CPU
		{D063FAB9-376C-46A8-9278-A0EBE7EA254E}.Release|Any CPU.Build.0 = Release|Any CPU
		{CEA248D2-4BE5-4C16-8481-EF9D573922D9}.Debug|Any CPU.ActiveCfg = Debug|Any CPU
		{CEA248D2-4BE5-4C16-8481-EF9D573922D9}.Debug|Any CPU.Build.0 = Debug|Any CPU
		{CEA248D2-4BE5-4C16-8481-EF9D573922D9}.Release|Any CPU.ActiveCfg = Release|Any CPU
		{CEA248D2-4BE5-4C16-8481-EF9D573922D9}.Release|Any CPU.Build.0 = Release|Any CPU
		{AD7E3576-408E-412B-976D-0764ABE3FC3C}.Debug|Any CPU.ActiveCfg = Debug|Any CPU
		{AD7E3576-408E-412B-976D-0764ABE3FC3C}.Debug|Any CPU.Build.0 = Debug|Any CPU
		{AD7E3576-408E-412B-976D-0764ABE3FC3C}.Release|Any CPU.ActiveCfg = Release|Any CPU
		{AD7E3576-408E-412B-976D-0764ABE3FC3C}.Release|Any CPU.Build.0 = Release|Any CPU
		{CF58AE77-5FB3-46E9-9179-EE8E2C75ED90}.Debug|Any CPU.ActiveCfg = Debug|Any CPU
		{CF58AE77-5FB3-46E9-9179-EE8E2C75ED90}.Debug|Any CPU.Build.0 = Debug|Any CPU
		{CF58AE77-5FB3-46E9-9179-EE8E2C75ED90}.Release|Any CPU.ActiveCfg = Release|Any CPU
		{CF58AE77-5FB3-46E9-9179-EE8E2C75ED90}.Release|Any CPU.Build.0 = Release|Any CPU
		{DC514D8E-9A10-4DF0-80B1-782BA9E4FB0E}.Debug|Any CPU.ActiveCfg = Debug|Any CPU
		{DC514D8E-9A10-4DF0-80B1-782BA9E4FB0E}.Debug|Any CPU.Build.0 = Debug|Any CPU
		{DC514D8E-9A10-4DF0-80B1-782BA9E4FB0E}.Release|Any CPU.ActiveCfg = Release|Any CPU
		{DC514D8E-9A10-4DF0-80B1-782BA9E4FB0E}.Release|Any CPU.Build.0 = Release|Any CPU
		{A8741C45-5801-4EF8-9EA6-2C310D31B2F1}.Debug|Any CPU.ActiveCfg = Debug|Any CPU
		{A8741C45-5801-4EF8-9EA6-2C310D31B2F1}.Debug|Any CPU.Build.0 = Debug|Any CPU
		{A8741C45-5801-4EF8-9EA6-2C310D31B2F1}.Release|Any CPU.ActiveCfg = Release|Any CPU
		{A8741C45-5801-4EF8-9EA6-2C310D31B2F1}.Release|Any CPU.Build.0 = Release|Any CPU
		{E93B23CE-F5FC-4E44-A51D-FC780CBF4938}.Debug|Any CPU.ActiveCfg = Debug|Any CPU
		{E93B23CE-F5FC-4E44-A51D-FC780CBF4938}.Debug|Any CPU.Build.0 = Debug|Any CPU
		{E93B23CE-F5FC-4E44-A51D-FC780CBF4938}.Release|Any CPU.ActiveCfg = Release|Any CPU
		{E93B23CE-F5FC-4E44-A51D-FC780CBF4938}.Release|Any CPU.Build.0 = Release|Any CPU
		{841C6E73-93D8-476C-8383-6BBB89971C0C}.Debug|Any CPU.ActiveCfg = Debug|Any CPU
		{841C6E73-93D8-476C-8383-6BBB89971C0C}.Debug|Any CPU.Build.0 = Debug|Any CPU
		{841C6E73-93D8-476C-8383-6BBB89971C0C}.Release|Any CPU.ActiveCfg = Release|Any CPU
		{841C6E73-93D8-476C-8383-6BBB89971C0C}.Release|Any CPU.Build.0 = Release|Any CPU
		{353F522F-9D19-42AF-B8D0-7AB2CB7E402A}.Debug|Any CPU.ActiveCfg = Debug|Any CPU
		{353F522F-9D19-42AF-B8D0-7AB2CB7E402A}.Debug|Any CPU.Build.0 = Debug|Any CPU
		{353F522F-9D19-42AF-B8D0-7AB2CB7E402A}.Release|Any CPU.ActiveCfg = Release|Any CPU
		{353F522F-9D19-42AF-B8D0-7AB2CB7E402A}.Release|Any CPU.Build.0 = Release|Any CPU
		{9D670448-78BB-4026-AC34-AB7F680A398C}.Debug|Any CPU.ActiveCfg = Debug|Any CPU
		{9D670448-78BB-4026-AC34-AB7F680A398C}.Debug|Any CPU.Build.0 = Debug|Any CPU
		{9D670448-78BB-4026-AC34-AB7F680A398C}.Release|Any CPU.ActiveCfg = Release|Any CPU
		{9D670448-78BB-4026-AC34-AB7F680A398C}.Release|Any CPU.Build.0 = Release|Any CPU
		{D6F4DB95-1D20-406B-9669-B38E3C595595}.Debug|Any CPU.ActiveCfg = Debug|Any CPU
		{D6F4DB95-1D20-406B-9669-B38E3C595595}.Debug|Any CPU.Build.0 = Debug|Any CPU
		{D6F4DB95-1D20-406B-9669-B38E3C595595}.Release|Any CPU.ActiveCfg = Release|Any CPU
		{D6F4DB95-1D20-406B-9669-B38E3C595595}.Release|Any CPU.Build.0 = Release|Any CPU
		{51C13DC6-094F-4A12-AD06-9E220D2AD951}.Debug|Any CPU.ActiveCfg = Debug|Any CPU
		{51C13DC6-094F-4A12-AD06-9E220D2AD951}.Debug|Any CPU.Build.0 = Debug|Any CPU
		{51C13DC6-094F-4A12-AD06-9E220D2AD951}.Release|Any CPU.ActiveCfg = Release|Any CPU
		{51C13DC6-094F-4A12-AD06-9E220D2AD951}.Release|Any CPU.Build.0 = Release|Any CPU
		{E73CCDB0-5191-4511-98D3-E5FE5DFC21C6}.Debug|Any CPU.ActiveCfg = Debug|Any CPU
		{E73CCDB0-5191-4511-98D3-E5FE5DFC21C6}.Debug|Any CPU.Build.0 = Debug|Any CPU
		{E73CCDB0-5191-4511-98D3-E5FE5DFC21C6}.Release|Any CPU.ActiveCfg = Release|Any CPU
		{E73CCDB0-5191-4511-98D3-E5FE5DFC21C6}.Release|Any CPU.Build.0 = Release|Any CPU
		{2F6D1C43-12AC-47C1-B747-9F1EF00E7046}.Debug|Any CPU.ActiveCfg = Debug|Any CPU
		{2F6D1C43-12AC-47C1-B747-9F1EF00E7046}.Debug|Any CPU.Build.0 = Debug|Any CPU
		{2F6D1C43-12AC-47C1-B747-9F1EF00E7046}.Release|Any CPU.ActiveCfg = Release|Any CPU
		{2F6D1C43-12AC-47C1-B747-9F1EF00E7046}.Release|Any CPU.Build.0 = Release|Any CPU
		{8A2157B3-1873-4F34-B074-116C42F71CA2}.Debug|Any CPU.ActiveCfg = Debug|Any CPU
		{8A2157B3-1873-4F34-B074-116C42F71CA2}.Debug|Any CPU.Build.0 = Debug|Any CPU
		{8A2157B3-1873-4F34-B074-116C42F71CA2}.Release|Any CPU.ActiveCfg = Release|Any CPU
		{8A2157B3-1873-4F34-B074-116C42F71CA2}.Release|Any CPU.Build.0 = Release|Any CPU
		{1A504D5F-87DA-4FC5-990F-1B86E93C3564}.Debug|Any CPU.ActiveCfg = Debug|Any CPU
		{1A504D5F-87DA-4FC5-990F-1B86E93C3564}.Debug|Any CPU.Build.0 = Debug|Any CPU
		{1A504D5F-87DA-4FC5-990F-1B86E93C3564}.Release|Any CPU.ActiveCfg = Release|Any CPU
		{1A504D5F-87DA-4FC5-990F-1B86E93C3564}.Release|Any CPU.Build.0 = Release|Any CPU
		{B5F55A6F-952E-412B-B3B9-C2376121EBF7}.Debug|Any CPU.ActiveCfg = Debug|Any CPU
		{B5F55A6F-952E-412B-B3B9-C2376121EBF7}.Debug|Any CPU.Build.0 = Debug|Any CPU
		{B5F55A6F-952E-412B-B3B9-C2376121EBF7}.Release|Any CPU.ActiveCfg = Release|Any CPU
		{B5F55A6F-952E-412B-B3B9-C2376121EBF7}.Release|Any CPU.Build.0 = Release|Any CPU
		{7E827B08-B9FA-4AD9-864E-B77DF678CE34}.Debug|Any CPU.ActiveCfg = Debug|Any CPU
		{7E827B08-B9FA-4AD9-864E-B77DF678CE34}.Debug|Any CPU.Build.0 = Debug|Any CPU
		{7E827B08-B9FA-4AD9-864E-B77DF678CE34}.Release|Any CPU.ActiveCfg = Release|Any CPU
		{7E827B08-B9FA-4AD9-864E-B77DF678CE34}.Release|Any CPU.Build.0 = Release|Any CPU
		{E0D6BCF7-4283-45A4-84DF-F8E8DF3B683E}.Debug|Any CPU.ActiveCfg = Debug|Any CPU
		{E0D6BCF7-4283-45A4-84DF-F8E8DF3B683E}.Debug|Any CPU.Build.0 = Debug|Any CPU
		{E0D6BCF7-4283-45A4-84DF-F8E8DF3B683E}.Release|Any CPU.ActiveCfg = Release|Any CPU
		{E0D6BCF7-4283-45A4-84DF-F8E8DF3B683E}.Release|Any CPU.Build.0 = Release|Any CPU
		{701FA450-70B6-44D5-BF0F-BB885BF1D136}.Debug|Any CPU.ActiveCfg = Debug|Any CPU
		{701FA450-70B6-44D5-BF0F-BB885BF1D136}.Debug|Any CPU.Build.0 = Debug|Any CPU
		{701FA450-70B6-44D5-BF0F-BB885BF1D136}.Release|Any CPU.ActiveCfg = Release|Any CPU
		{701FA450-70B6-44D5-BF0F-BB885BF1D136}.Release|Any CPU.Build.0 = Release|Any CPU
		{19AB5CF6-3C0D-4C08-93D0-A3E57B76F20E}.Debug|Any CPU.ActiveCfg = Debug|Any CPU
		{19AB5CF6-3C0D-4C08-93D0-A3E57B76F20E}.Debug|Any CPU.Build.0 = Debug|Any CPU
		{19AB5CF6-3C0D-4C08-93D0-A3E57B76F20E}.Release|Any CPU.ActiveCfg = Release|Any CPU
		{19AB5CF6-3C0D-4C08-93D0-A3E57B76F20E}.Release|Any CPU.Build.0 = Release|Any CPU
		{CA8B5645-5A65-419B-9402-8014A1C62FF5}.Debug|Any CPU.ActiveCfg = Debug|Any CPU
		{CA8B5645-5A65-419B-9402-8014A1C62FF5}.Debug|Any CPU.Build.0 = Debug|Any CPU
		{CA8B5645-5A65-419B-9402-8014A1C62FF5}.Release|Any CPU.ActiveCfg = Release|Any CPU
		{CA8B5645-5A65-419B-9402-8014A1C62FF5}.Release|Any CPU.Build.0 = Release|Any CPU
		{47147432-7284-442D-A9A8-9D8E11AA5508}.Debug|Any CPU.ActiveCfg = Debug|Any CPU
		{47147432-7284-442D-A9A8-9D8E11AA5508}.Debug|Any CPU.Build.0 = Debug|Any CPU
		{47147432-7284-442D-A9A8-9D8E11AA5508}.Release|Any CPU.ActiveCfg = Release|Any CPU
		{47147432-7284-442D-A9A8-9D8E11AA5508}.Release|Any CPU.Build.0 = Release|Any CPU
		{D1EB9708-167B-4EF9-8768-CF8B0196B5FE}.Debug|Any CPU.ActiveCfg = Debug|Any CPU
		{D1EB9708-167B-4EF9-8768-CF8B0196B5FE}.Debug|Any CPU.Build.0 = Debug|Any CPU
		{D1EB9708-167B-4EF9-8768-CF8B0196B5FE}.Release|Any CPU.ActiveCfg = Release|Any CPU
		{D1EB9708-167B-4EF9-8768-CF8B0196B5FE}.Release|Any CPU.Build.0 = Release|Any CPU
		{CDE557B4-ED20-4BF1-B0F6-50EC858A4431}.Debug|Any CPU.ActiveCfg = Debug|Any CPU
		{CDE557B4-ED20-4BF1-B0F6-50EC858A4431}.Debug|Any CPU.Build.0 = Debug|Any CPU
		{CDE557B4-ED20-4BF1-B0F6-50EC858A4431}.Release|Any CPU.ActiveCfg = Release|Any CPU
		{CDE557B4-ED20-4BF1-B0F6-50EC858A4431}.Release|Any CPU.Build.0 = Release|Any CPU
		{CA1B9E99-2A25-4872-8C0F-0E998B5816DF}.Debug|Any CPU.ActiveCfg = Debug|Any CPU
		{CA1B9E99-2A25-4872-8C0F-0E998B5816DF}.Debug|Any CPU.Build.0 = Debug|Any CPU
		{CA1B9E99-2A25-4872-8C0F-0E998B5816DF}.Release|Any CPU.ActiveCfg = Release|Any CPU
		{CA1B9E99-2A25-4872-8C0F-0E998B5816DF}.Release|Any CPU.Build.0 = Release|Any CPU
		{8A2A7910-437B-4A97-9D75-0FBFC12D7991}.Debug|Any CPU.ActiveCfg = Debug|Any CPU
		{8A2A7910-437B-4A97-9D75-0FBFC12D7991}.Debug|Any CPU.Build.0 = Debug|Any CPU
		{8A2A7910-437B-4A97-9D75-0FBFC12D7991}.Release|Any CPU.ActiveCfg = Release|Any CPU
		{8A2A7910-437B-4A97-9D75-0FBFC12D7991}.Release|Any CPU.Build.0 = Release|Any CPU
		{11A16F60-4D1C-40DF-8DEA-87C57DC568D3}.Debug|Any CPU.ActiveCfg = Debug|Any CPU
		{11A16F60-4D1C-40DF-8DEA-87C57DC568D3}.Debug|Any CPU.Build.0 = Debug|Any CPU
		{11A16F60-4D1C-40DF-8DEA-87C57DC568D3}.Release|Any CPU.ActiveCfg = Release|Any CPU
		{11A16F60-4D1C-40DF-8DEA-87C57DC568D3}.Release|Any CPU.Build.0 = Release|Any CPU
		{2BFA42CA-ED00-4621-9C84-1C814AA95C24}.Debug|Any CPU.ActiveCfg = Debug|Any CPU
		{2BFA42CA-ED00-4621-9C84-1C814AA95C24}.Debug|Any CPU.Build.0 = Debug|Any CPU
		{2BFA42CA-ED00-4621-9C84-1C814AA95C24}.Release|Any CPU.ActiveCfg = Release|Any CPU
		{2BFA42CA-ED00-4621-9C84-1C814AA95C24}.Release|Any CPU.Build.0 = Release|Any CPU
		{DB350A82-66B2-4403-AAFE-1B7D76D45B59}.Debug|Any CPU.ActiveCfg = Debug|Any CPU
		{DB350A82-66B2-4403-AAFE-1B7D76D45B59}.Debug|Any CPU.Build.0 = Debug|Any CPU
		{DB350A82-66B2-4403-AAFE-1B7D76D45B59}.Release|Any CPU.ActiveCfg = Release|Any CPU
		{DB350A82-66B2-4403-AAFE-1B7D76D45B59}.Release|Any CPU.Build.0 = Release|Any CPU
		{533AC6C7-17A5-4B81-93DD-8C5B52C5710A}.Debug|Any CPU.ActiveCfg = Debug|Any CPU
		{533AC6C7-17A5-4B81-93DD-8C5B52C5710A}.Debug|Any CPU.Build.0 = Debug|Any CPU
		{533AC6C7-17A5-4B81-93DD-8C5B52C5710A}.Release|Any CPU.ActiveCfg = Release|Any CPU
		{533AC6C7-17A5-4B81-93DD-8C5B52C5710A}.Release|Any CPU.Build.0 = Release|Any CPU
		{D834935D-829F-4132-8CC3-C663DC20C403}.Debug|Any CPU.ActiveCfg = Debug|Any CPU
		{D834935D-829F-4132-8CC3-C663DC20C403}.Debug|Any CPU.Build.0 = Debug|Any CPU
		{D834935D-829F-4132-8CC3-C663DC20C403}.Release|Any CPU.ActiveCfg = Release|Any CPU
		{D834935D-829F-4132-8CC3-C663DC20C403}.Release|Any CPU.Build.0 = Release|Any CPU
		{B2974895-67B5-4DB6-8A31-C676EB3553B5}.Debug|Any CPU.ActiveCfg = Debug|Any CPU
		{B2974895-67B5-4DB6-8A31-C676EB3553B5}.Debug|Any CPU.Build.0 = Debug|Any CPU
		{B2974895-67B5-4DB6-8A31-C676EB3553B5}.Release|Any CPU.ActiveCfg = Release|Any CPU
		{B2974895-67B5-4DB6-8A31-C676EB3553B5}.Release|Any CPU.Build.0 = Release|Any CPU
		{D01EA6C7-C543-42A9-9475-F5ACFFE9E4E8}.Debug|Any CPU.ActiveCfg = Debug|Any CPU
		{D01EA6C7-C543-42A9-9475-F5ACFFE9E4E8}.Debug|Any CPU.Build.0 = Debug|Any CPU
		{D01EA6C7-C543-42A9-9475-F5ACFFE9E4E8}.Release|Any CPU.ActiveCfg = Release|Any CPU
		{D01EA6C7-C543-42A9-9475-F5ACFFE9E4E8}.Release|Any CPU.Build.0 = Release|Any CPU
		{1D1123FA-6FDD-498A-841C-2E19D5BB8883}.Debug|Any CPU.ActiveCfg = Debug|Any CPU
		{1D1123FA-6FDD-498A-841C-2E19D5BB8883}.Debug|Any CPU.Build.0 = Debug|Any CPU
		{1D1123FA-6FDD-498A-841C-2E19D5BB8883}.Release|Any CPU.ActiveCfg = Release|Any CPU
		{1D1123FA-6FDD-498A-841C-2E19D5BB8883}.Release|Any CPU.Build.0 = Release|Any CPU
		{8EF98A81-7072-4923-A5C6-DDDD47391846}.Debug|Any CPU.ActiveCfg = Debug|Any CPU
		{8EF98A81-7072-4923-A5C6-DDDD47391846}.Debug|Any CPU.Build.0 = Debug|Any CPU
		{8EF98A81-7072-4923-A5C6-DDDD47391846}.Release|Any CPU.ActiveCfg = Release|Any CPU
		{8EF98A81-7072-4923-A5C6-DDDD47391846}.Release|Any CPU.Build.0 = Release|Any CPU
		{C98F0D78-5E7B-45A1-A7FB-8FE9DFF0ED70}.Debug|Any CPU.ActiveCfg = Debug|Any CPU
		{C98F0D78-5E7B-45A1-A7FB-8FE9DFF0ED70}.Debug|Any CPU.Build.0 = Debug|Any CPU
		{C98F0D78-5E7B-45A1-A7FB-8FE9DFF0ED70}.Release|Any CPU.ActiveCfg = Release|Any CPU
		{C98F0D78-5E7B-45A1-A7FB-8FE9DFF0ED70}.Release|Any CPU.Build.0 = Release|Any CPU
	EndGlobalSection
	GlobalSection(SolutionProperties) = preSolution
		HideSolutionNode = FALSE
	EndGlobalSection
	GlobalSection(NestedProjects) = preSolution
		{743988EE-F8D2-4401-A0FB-F0018272A6CC} = {26C05239-BF7E-4855-9E21-A36B29EF3029}
		{9075948D-81BC-4AFE-824A-CCD70E24E276} = {26C05239-BF7E-4855-9E21-A36B29EF3029}
		{4EC58212-B611-4706-9DD8-C08DF74BF86F} = {26C05239-BF7E-4855-9E21-A36B29EF3029}
		{43C01049-9508-4959-92AE-2F15DAB62776} = {26C05239-BF7E-4855-9E21-A36B29EF3029}
		{43F5DA9D-D746-4F7D-A354-CB5DB7ADB850} = {26C05239-BF7E-4855-9E21-A36B29EF3029}
		{422CA406-4E01-4ECA-8CDE-2DEFF5AD6EA8} = {26C05239-BF7E-4855-9E21-A36B29EF3029}
		{E7AB5CED-6A39-4B85-B650-61E1F20E8FC4} = {26C05239-BF7E-4855-9E21-A36B29EF3029}
		{64115BE8-5B84-4572-BE71-F51A8655768E} = {A18D18E9-4756-4D59-B568-E952666873E8}
		{3924F1C9-4CD5-48D4-8DF0-4A46D07D668D} = {A18D18E9-4756-4D59-B568-E952666873E8}
		{D063FAB9-376C-46A8-9278-A0EBE7EA254E} = {A18D18E9-4756-4D59-B568-E952666873E8}
		{CEA248D2-4BE5-4C16-8481-EF9D573922D9} = {A18D18E9-4756-4D59-B568-E952666873E8}
		{B3D504F9-D2A8-41E7-82F7-F02D637DF314} = {A18D18E9-4756-4D59-B568-E952666873E8}
		{AD7E3576-408E-412B-976D-0764ABE3FC3C} = {B3D504F9-D2A8-41E7-82F7-F02D637DF314}
		{CF58AE77-5FB3-46E9-9179-EE8E2C75ED90} = {B3D504F9-D2A8-41E7-82F7-F02D637DF314}
		{1EF5EC1C-54C9-49F9-BAB8-101F067BFE27} = {A18D18E9-4756-4D59-B568-E952666873E8}
		{DC514D8E-9A10-4DF0-80B1-782BA9E4FB0E} = {1EF5EC1C-54C9-49F9-BAB8-101F067BFE27}
		{A8741C45-5801-4EF8-9EA6-2C310D31B2F1} = {1EF5EC1C-54C9-49F9-BAB8-101F067BFE27}
		{E93B23CE-F5FC-4E44-A51D-FC780CBF4938} = {1EF5EC1C-54C9-49F9-BAB8-101F067BFE27}
		{841C6E73-93D8-476C-8383-6BBB89971C0C} = {8BC560C6-A92D-4628-BA83-5F603FF60529}
		{353F522F-9D19-42AF-B8D0-7AB2CB7E402A} = {8BC560C6-A92D-4628-BA83-5F603FF60529}
		{9D670448-78BB-4026-AC34-AB7F680A398C} = {8BC560C6-A92D-4628-BA83-5F603FF60529}
		{D6F4DB95-1D20-406B-9669-B38E3C595595} = {E02D5D87-AA57-4574-9D69-56EDB7B8B28F}
		{51C13DC6-094F-4A12-AD06-9E220D2AD951} = {E02D5D87-AA57-4574-9D69-56EDB7B8B28F}
		{E73CCDB0-5191-4511-98D3-E5FE5DFC21C6} = {E02D5D87-AA57-4574-9D69-56EDB7B8B28F}
		{2F6D1C43-12AC-47C1-B747-9F1EF00E7046} = {E02D5D87-AA57-4574-9D69-56EDB7B8B28F}
		{8A2157B3-1873-4F34-B074-116C42F71CA2} = {E02D5D87-AA57-4574-9D69-56EDB7B8B28F}
		{1A504D5F-87DA-4FC5-990F-1B86E93C3564} = {07C0DBAC-1108-4A22-85DB-11B3F0A64E41}
		{B5F55A6F-952E-412B-B3B9-C2376121EBF7} = {07C0DBAC-1108-4A22-85DB-11B3F0A64E41}
		{7E827B08-B9FA-4AD9-864E-B77DF678CE34} = {D0C4540A-CE04-47E4-ADD0-42D203E0FF20}
		{E0D6BCF7-4283-45A4-84DF-F8E8DF3B683E} = {800FD9A2-0F53-4D83-9064-E6BD67C34043}
		{701FA450-70B6-44D5-BF0F-BB885BF1D136} = {800FD9A2-0F53-4D83-9064-E6BD67C34043}
		{19AB5CF6-3C0D-4C08-93D0-A3E57B76F20E} = {800FD9A2-0F53-4D83-9064-E6BD67C34043}
		{CA8B5645-5A65-419B-9402-8014A1C62FF5} = {800FD9A2-0F53-4D83-9064-E6BD67C34043}
		{47147432-7284-442D-A9A8-9D8E11AA5508} = {800FD9A2-0F53-4D83-9064-E6BD67C34043}
		{D1EB9708-167B-4EF9-8768-CF8B0196B5FE} = {800FD9A2-0F53-4D83-9064-E6BD67C34043}
		{CDE557B4-ED20-4BF1-B0F6-50EC858A4431} = {800FD9A2-0F53-4D83-9064-E6BD67C34043}
		{CA1B9E99-2A25-4872-8C0F-0E998B5816DF} = {800FD9A2-0F53-4D83-9064-E6BD67C34043}
		{8A2A7910-437B-4A97-9D75-0FBFC12D7991} = {9E979D2F-ED4E-499E-9F56-347DA701B6E7}
		{11A16F60-4D1C-40DF-8DEA-87C57DC568D3} = {9E979D2F-ED4E-499E-9F56-347DA701B6E7}
		{2BFA42CA-ED00-4621-9C84-1C814AA95C24} = {9E979D2F-ED4E-499E-9F56-347DA701B6E7}
		{DB350A82-66B2-4403-AAFE-1B7D76D45B59} = {9E979D2F-ED4E-499E-9F56-347DA701B6E7}
		{533AC6C7-17A5-4B81-93DD-8C5B52C5710A} = {9E979D2F-ED4E-499E-9F56-347DA701B6E7}
		{D834935D-829F-4132-8CC3-C663DC20C403} = {2EE57738-54A1-4CE4-A837-2154A92E4704}
		{B2974895-67B5-4DB6-8A31-C676EB3553B5} = {2EE57738-54A1-4CE4-A837-2154A92E4704}
		{2EE57738-54A1-4CE4-A837-2154A92E4704} = {0D4F6A6A-29D8-4606-B1FD-CFC5862524DA}
		{182CCF51-0578-4D1F-9DB1-9781D07F9089} = {0D4F6A6A-29D8-4606-B1FD-CFC5862524DA}
		{D01EA6C7-C543-42A9-9475-F5ACFFE9E4E8} = {182CCF51-0578-4D1F-9DB1-9781D07F9089}
		{1D1123FA-6FDD-498A-841C-2E19D5BB8883} = {182CCF51-0578-4D1F-9DB1-9781D07F9089}
		{EE8ABC9F-0164-4509-8ADD-75D73F41EE33} = {0D4F6A6A-29D8-4606-B1FD-CFC5862524DA}
		{8EF98A81-7072-4923-A5C6-DDDD47391846} = {EE8ABC9F-0164-4509-8ADD-75D73F41EE33}
		{C98F0D78-5E7B-45A1-A7FB-8FE9DFF0ED70} = {EE8ABC9F-0164-4509-8ADD-75D73F41EE33}
	EndGlobalSection
	GlobalSection(ExtensibilityGlobals) = postSolution
		SolutionGuid = {3E57CFEF-F885-4239-BA94-C77A0CB98D6A}
	EndGlobalSection
EndGlobal
